github.com/keep94/common v1.0.0 h1:hX4MySTB6EidCCxDjcwbCmq56xjQAasTpCEY6eBxlCA=
github.com/keep94/common v1.0.0/go.mod h1:EntqjOWDwp8pluIIK921uIKHuHXbbv/odR/yz+YZf3M=
github.com/keep94/gofunctional3 v1.0.0 h1:1OccHeUS6m0r/5CxdfWLgffLsytppVny9KuXyD3n9gY=
github.com/keep94/gofunctional3 v1.0.0/go.mod h1:rImP7wOgyBnOls7RQzR60luYfyR4Efrl4U96K8BJlRQ=
github.com/keep94/maybe v1.0.0 h1:qaYZ9zIT2CYss8UkvhwcmkIoX2TMyXKZ3KAZn045m9Y=
github.com/keep94/maybe v1.0.0/go.mod h1:rvzi5R3Pfv+iZiAZCL+Nm9HWoNQrVOeQTH8HdZq9lTI=
github.com/keep94/tasks v1.0.0 h1:ZCJc7GzKUphrYpcO+6oIjvKtV1yQ7XNUAC8HT2JrA3o=
github.com/keep94/tasks v1.0.0/go.mod h1:aiOCT4ER6+6s5MX4EoTV5VFKw3f2jDUCNljpHntxmKw=
